
Microsoft Visual Studio Solution File, Format Version 12.00
# Visual Studio 14
VisualStudioVersion = 14.0.25420.1
MinimumVisualStudioVersion = 10.0.40219.1
Project("{FAE04EC0-301F-11D3-BF4B-00C04F79EFBC}") = "DAO", "DAO\DAO.csproj", "{379967D5-70E6-424F-AB91-F31FBDE52CAC}"
EndProject
Project("{FAE04EC0-301F-11D3-BF4B-00C04F79EFBC}") = "Pruebas", "Pruebas\Pruebas.csproj", "{81FCFF3F-875A-4FD4-A3B6-9BA571F02855}"
EndProject
Project("{FAE04EC0-301F-11D3-BF4B-00C04F79EFBC}") = "Vistas", "Vistas\Vistas.csproj", "{DE090F4B-D9D5-4FDB-8BC9-3CD754BB9752}"
EndProject
Project("{FAE04EC0-301F-11D3-BF4B-00C04F79EFBC}") = "Entidades", "ClassLibrary1\Entidades.csproj", "{9351BDC8-BAE1-4D33-B7E1-BF47DDC7B045}"
EndProject
Project("{54435603-DBB4-11D2-8724-00A0C9A8B90C}") = "Instalador", "Instalador\Instalador.vdproj", "{5AC622A0-932F-4696-8136-568359E1F009}"
EndProject
Project("{2150E333-8FDC-42A3-9474-1A3956D46DE8}") = "PyScripts", "PyScripts", "{F5619C98-4538-4D08-95F8-18CFA5AFD269}"
	ProjectSection(SolutionItems) = preProject
		..\..\..\..\Nueva carpeta\PyScripts\compressed.JPEG = ..\..\..\..\Nueva carpeta\PyScripts\compressed.JPEG
		..\..\..\..\Nueva carpeta\PyScripts\ImageCompressor.py = ..\..\..\..\Nueva carpeta\PyScripts\ImageCompressor.py
	EndProjectSection
EndProject
Global
	GlobalSection(SolutionConfigurationPlatforms) = preSolution
		Debug|Any CPU = Debug|Any CPU
		Release|Any CPU = Release|Any CPU
	EndGlobalSection
	GlobalSection(ProjectConfigurationPlatforms) = postSolution
		{379967D5-70E6-424F-AB91-F31FBDE52CAC}.Debug|Any CPU.ActiveCfg = Debug|Any CPU
		{379967D5-70E6-424F-AB91-F31FBDE52CAC}.Debug|Any CPU.Build.0 = Debug|Any CPU
		{379967D5-70E6-424F-AB91-F31FBDE52CAC}.Release|Any CPU.ActiveCfg = Release|Any CPU
		{379967D5-70E6-424F-AB91-F31FBDE52CAC}.Release|Any CPU.Build.0 = Release|Any CPU
		{81FCFF3F-875A-4FD4-A3B6-9BA571F02855}.Debug|Any CPU.ActiveCfg = Debug|Any CPU
		{81FCFF3F-875A-4FD4-A3B6-9BA571F02855}.Debug|Any CPU.Build.0 = Debug|Any CPU
		{81FCFF3F-875A-4FD4-A3B6-9BA571F02855}.Release|Any CPU.ActiveCfg = Release|Any CPU
		{81FCFF3F-875A-4FD4-A3B6-9BA571F02855}.Release|Any CPU.Build.0 = Release|Any CPU
		{DE090F4B-D9D5-4FDB-8BC9-3CD754BB9752}.Debug|Any CPU.ActiveCfg = Debug|Any CPU
		{DE090F4B-D9D5-4FDB-8BC9-3CD754BB9752}.Debug|Any CPU.Build.0 = Debug|Any CPU
		{DE090F4B-D9D5-4FDB-8BC9-3CD754BB9752}.Release|Any CPU.ActiveCfg = Release|Any CPU
		{DE090F4B-D9D5-4FDB-8BC9-3CD754BB9752}.Release|Any CPU.Build.0 = Release|Any CPU
		{9351BDC8-BAE1-4D33-B7E1-BF47DDC7B045}.Debug|Any CPU.ActiveCfg = Debug|Any CPU
		{9351BDC8-BAE1-4D33-B7E1-BF47DDC7B045}.Debug|Any CPU.Build.0 = Debug|Any CPU
		{9351BDC8-BAE1-4D33-B7E1-BF47DDC7B045}.Release|Any CPU.ActiveCfg = Release|Any CPU
		{9351BDC8-BAE1-4D33-B7E1-BF47DDC7B045}.Release|Any CPU.Build.0 = Release|Any CPU
		{5AC622A0-932F-4696-8136-568359E1F009}.Debug|Any CPU.ActiveCfg = Debug
		{5AC622A0-932F-4696-8136-568359E1F009}.Release|Any CPU.ActiveCfg = Release
	EndGlobalSection
	GlobalSection(SolutionProperties) = preSolution
		HideSolutionNode = FALSE
	EndGlobalSection
EndGlobal
